
Microsoft Visual Studio Solution File, Format Version 12.00
# Visual Studio Version 17
VisualStudioVersion = 17.6.33829.357
MinimumVisualStudioVersion = 10.0.40219.1
Project("{FAE04EC0-301F-11D3-BF4B-00C04F79EFBC}") = "OOP01", "OOP01\OOP01.csproj", "{D81AF93E-2B72-4CE6-B45C-5B5F3424003F}"
EndProject
Project("{FAE04EC0-301F-11D3-BF4B-00C04F79EFBC}") = "Common", "Common\Common.csproj", "{39DF9A82-471C-49B8-BF15-5F7D69BA833F}"
EndProject
Project("{FAE04EC0-301F-11D3-BF4B-00C04F79EFBC}") = "Assigment", "Assigment\Assigment.csproj", "{A00922C4-0452-4AEC-B442-622C183246BA}"
EndProject
Global
	GlobalSection(SolutionConfigurationPlatforms) = preSolution
		Debug|Any CPU = Debug|Any CPU
		Release|Any CPU = Release|Any CPU
	EndGlobalSection
	GlobalSection(ProjectConfigurationPlatforms) = postSolution
		{D81AF93E-2B72-4CE6-B45C-5B5F3424003F}.Debug|Any CPU.ActiveCfg = Debug|Any CPU
		{D81AF93E-2B72-4CE6-B45C-5B5F3424003F}.Debug|Any CPU.Build.0 = Debug|Any CPU
		{D81AF93E-2B72-4CE6-B45C-5B5F3424003F}.Release|Any CPU.ActiveCfg = Release|Any CPU
		{D81AF93E-2B72-4CE6-B45C-5B5F3424003F}.Release|Any CPU.Build.0 = Release|Any CPU
		{39DF9A82-471C-49B8-BF15-5F7D69BA833F}.Debug|Any CPU.ActiveCfg = Debug|Any CPU
		{39DF9A82-471C-49B8-BF15-5F7D69BA833F}.Debug|Any CPU.Build.0 = Debug|Any CPU
		{39DF9A82-471C-49B8-BF15-5F7D69BA833F}.Release|Any CPU.ActiveCfg = Release|Any CPU
		{39DF9A82-471C-49B8-BF15-5F7D69BA833F}.Release|Any CPU.Build.0 = Release|Any CPU
		{A00922C4-0452-4AEC-B442-622C183246BA}.Debug|Any CPU.ActiveCfg = Debug|Any CPU
		{A00922C4-0452-4AEC-B442-622C183246BA}.Debug|Any CPU.Build.0 = Debug|Any CPU
		{A00922C4-0452-4AEC-B442-622C183246BA}.Release|Any CPU.ActiveCfg = Release|Any CPU
		{A00922C4-0452-4AEC-B442-622C183246BA}.Release|Any CPU.Build.0 = Release|Any CPU
	EndGlobalSection
	GlobalSection(SolutionProperties) = preSolution
		HideSolutionNode = FALSE
	EndGlobalSection
	GlobalSection(ExtensibilityGlobals) = postSolution
		SolutionGuid = {83ADCE44-5ECF-48C6-B81C-CFF6384C7EC2}
	EndGlobalSection
EndGlobal
